<Solution>
  <Folder Name="/packages/">
    <Project Path="packages/Axrone.Batching/Axrone.Batching.csproj" />
    <Project Path="packages/Axrone.Batching/tests/Axrone.Batching.Tests.csproj" />
    <Project Path="packages/Axrone.Collections/Axrone.Collections.csproj" />
    <Project Path="packages/Axrone.Collections/tests/Axrone.Collections.Tests.csproj" />
    <Project Path="packages/Axrone.Geometry/Axrone.Geometry.csproj" />
    <Project Path="packages/Axrone.Geometry/tests/Axrone.Geometry.Tests.csproj" />
    <Project Path="packages/Axrone.Hash/Axrone.Hash.csproj" />
    <Project Path="packages/Axrone.Hash/tests/Axrone.Hash.Tests.csproj" />
    <Project Path="packages/Axrone.Memory/Axrone.Memory.csproj" />
    <Project Path="packages/Axrone.Memory/tests/Axrone.Memory.Tests.csproj" />
    <Project Path="packages/Axrone.Numeric/Axrone.Numeric.csproj" />
    <Project Path="packages/Axrone.Numeric/tests/Axrone.Numeric.Tests.csproj" />
    <Project Path="packages/Axrone.Patterns/Axrone.Patterns.csproj" />
    <Project Path="packages/Axrone.Patterns/tests/Axrone.Patterns.Tests.csproj" />
    <Project Path="packages/Axrone.Simd/Axrone.Simd.csproj" />
    <Project Path="packages/Axrone.Simd/tests/Axrone.Simd.Tests.csproj" />
    <Project Path="packages/Axrone.Utility/Axrone.Utility.csproj" />
    <Project Path="packages/Axrone.Utility/tests/Axrone.Utility.Tests.csproj" />
    <Project Path="packages/Axrone.Execution/Axrone.Execution.csproj" />
    <Project Path="packages/Axrone.Execution/tests/Axrone.Execution.Tests.csproj" />
    <Project Path="packages/Axrone.Random/Axrone.Random.csproj" />
    <Project Path="packages/Axrone.Random/tests/Axrone.Random.Tests.csproj" />
    <Project Path="packages/Axrone.Render.Core/Axrone.Render.Core.csproj" />
    <Project Path="packages/Axrone.Render.Core/tests/Axrone.Render.Core.Tests.csproj" />
    <Project Path="packages/Axrone.Render.OpenGL/Axrone.Render.OpenGL.csproj" />
    <Project Path="packages/Axrone.Render.OpenGL/tests/Axrone.Render.OpenGL.Tests.csproj" />
    <Project Path="packages/Axrone.Render.Effects/Axrone.Render.Effects.csproj" />
    <Project Path="packages/Axrone.Render.Effects/tests/Axrone.Render.Effects.Tests.csproj" />
    <Project Path="packages/Axrone.Render.OpenGL.Mock/Axrone.Render.OpenGL.Mock.csproj" />
  </Folder>
  <Folder Name="/benchmarks/">
    <Project Path="packages/Axrone.Batching/benchmarks/Axrone.Batching.Benchmarks.csproj" />
  </Folder>
</Solution>
